
Microsoft Visual Studio Solution File, Format Version 12.00
# Visual Studio 15
Project("{FAE04EC0-301F-11D3-BF4B-00C04F79EFBC}") = "Assembly-CSharp", "Assembly-CSharp.csproj", "{67DF9B6C-E002-911C-08C7-1BCFCF02F185}"
EndProject
Global
	GlobalSection(SolutionConfigurationPlatforms) = preSolution
		Debug|Any CPU = Debug|Any CPU
		Release|Any CPU = Release|Any CPU
	EndGlobalSection
	GlobalSection(ProjectConfigurationPlatforms) = postSolution
		{67DF9B6C-E002-911C-08C7-1BCFCF02F185}.Debug|Any CPU.ActiveCfg = Debug|Any CPU
		{67DF9B6C-E002-911C-08C7-1BCFCF02F185}.Debug|Any CPU.Build.0 = Debug|Any CPU
		{67DF9B6C-E002-911C-08C7-1BCFCF02F185}.Release|Any CPU.ActiveCfg = Release|Any CPU
		{67DF9B6C-E002-911C-08C7-1BCFCF02F185}.Release|Any CPU.Build.0 = Release|Any CPU
	EndGlobalSection
	GlobalSection(SolutionProperties) = preSolution
		HideSolutionNode = FALSE
	EndGlobalSection
EndGlobal
